PODS:
  - Files (2.2.1)
  - iOSDFULibrary (4.13.0):
    - ZIPFoundation (= 0.9.11)
  - PromiseKit (8.2.0):
    - PromiseKit/CorePromise (= 8.2.0)
    - PromiseKit/Foundation (= 8.2.0)
    - PromiseKit/UIKit (= 8.2.0)
  - PromiseKit/CorePromise (8.2.0)
  - PromiseKit/Foundation (8.2.0):
    - PromiseKit/CorePromise
  - PromiseKit/UIKit (8.2.0):
    - PromiseKit/CorePromise
  - RxCocoa (6.8.0):
    - RxRelay (= 6.8.0)
    - RxSwift (= 6.8.0)
  - RxRelay (6.8.0):
    - RxSwift (= 6.8.0)
  - RxSwift (6.8.0)
  - SnapKit (5.7.1)
  - SVProgressHUD (2.3.1):
    - SVProgressHUD/Core (= 2.3.1)
  - SVProgressHUD/Core (2.3.1)
  - SwiftyTimer (2.1.0)
  - Then (3.0.0)
  - ZIPFoundation (0.9.11)

DEPENDENCIES:
  - Files (~> 2.2.1)
  - iOSDFULibrary (= 4.13.0)
  - PromiseKit (~> 8.0)
  - RxCocoa (~> 6.0)
  - RxSwift (~> 6.0)
  - SnapKit
  - SVProgressHUD (~> 2.2)
  - SwiftyTimer (~> 2.0)
  - Then

SPEC REPOS:
  trunk:
    - Files
    - iOSDFULibrary
    - PromiseKit
    - RxCocoa
    - RxRelay
    - RxSwift
    - SnapKit
    - SVProgressHUD
    - SwiftyTimer
    - Then
    - ZIPFoundation

SPEC CHECKSUMS:
  Files: 18a88ede4f1e339a73adaca7272af15fa32ba69f
  iOSDFULibrary: ae1bcb1cb921e6e3ff551755f6fdff1b77e07e15
  PromiseKit: 74e6ab5894856b4762fef547055c809bca91d440
  RxCocoa: 2d33c1e1e5d66492052ad46b11024ae287572880
  RxRelay: 335c78b926a2aea8d863a6d25f1ed3b5ad8e8705
  RxSwift: 4e28be97cbcfeee614af26d83415febbf2bf6f45
  SnapKit: d612e99e678a2d3b95bf60b0705ed0a35c03484a
  SVProgressHUD: 4837c74bdfe2e51e8821c397825996a8d7de6e22
  SwiftyTimer: 02dd6cf10cbc71cbf67cec494f6e5eb782102543
  Then: 844265ae87834bbe1147d91d5d41a404da2ec27d
  ZIPFoundation: b1f0de4eed33e74a676f76e12559ab6b75990197

PODFILE CHECKSUM: dddb35422b5d3347ccadfd7c0674c5bad9e9c6e5

COCOAPODS: 1.16.2
