PODS:
  - Files (2.2.1)
  - iOSDFULibrary (4.13.0):
    - ZIPFoundation (= 0.9.11)
  - PromiseKit (6.13.1):
    - PromiseKit/CorePromise (= 6.13.1)
    - PromiseKit/Foundation (= 6.13.1)
    - PromiseKit/UIKit (= 6.13.1)
  - PromiseKit/CorePromise (6.13.1)
  - PromiseKit/Foundation (6.13.1):
    - PromiseKit/CorePromise
  - PromiseKit/UIKit (6.13.1):
    - PromiseKit/CorePromise
  - RxCocoa (6.0.0):
    - RxRelay (= 6.0.0)
    - RxSwift (= 6.0.0)
  - RxRelay (6.0.0):
    - RxSwift (= 6.0.0)
  - RxSwift (6.0.0)
  - SnapKit (4.2.0)
  - SVProgressHUD (2.2.5)
  - SwiftyTimer (2.1.0)
  - Then (2.7.0)
  - ZIPFoundation (0.9.11)

DEPENDENCIES:
  - Files (~> 2.2.1)
  - iOSDFULibrary
  - PromiseKit
  - RxCocoa (~> 6.0)
  - RxSwift (~> 6.0)
  - SnapKit
  - SVProgressHUD (~> 2.2)
  - SwiftyTimer (~> 2.0)
  - Then

SPEC REPOS:
  trunk:
    - Files
    - iOSDFULibrary
    - PromiseKit
    - RxCocoa
    - RxRelay
    - RxSwift
    - SnapKit
    - SVProgressHUD
    - SwiftyTimer
    - Then
    - ZIPFoundation

SPEC CHECKSUMS:
  Files: 18a88ede4f1e339a73adaca7272af15fa32ba69f
  iOSDFULibrary: 3b9de67ed4bfb901b5f09c2fea843f65e152612d
  PromiseKit: 28fda91c973cc377875d8c0ea4f973013c05b6db
  RxCocoa: 3f79328fafa3645b34600f37c31e64c73ae3a80e
  RxRelay: 8d593be109c06ea850df027351beba614b012ffb
  RxSwift: c14e798c59b9f6e9a2df8fd235602e85cc044295
  SnapKit: fe8a619752f3f27075cc9a90244d75c6c3f27e2a
  SVProgressHUD: 1428aafac632c1f86f62aa4243ec12008d7a51d6
  SwiftyTimer: 02dd6cf10cbc71cbf67cec494f6e5eb782102543
  Then: acfe0be7e98221c6204e12f8161459606d5d822d
  ZIPFoundation: b1f0de4eed33e74a676f76e12559ab6b75990197

PODFILE CHECKSUM: 60fb42fccf114dde89ab8751358d9df69fdb0a13

COCOAPODS: 1.11.2
